Microsoft Visual Studio Solution File, Format Version 12.00
# Visual Studio Version 17
VisualStudioVersion = 17.14.36221.1 d17.14
MinimumVisualStudioVersion = 10.0.40219.1
Project("{FAE04EC0-301F-11D3-BF4B-00C04F79EFBC}") = "PhraseALator", "PhraseALator\PhraseALator.csproj", "{99C9216B-3E38-7A06-2441-C683A99037A3}"
EndProject
Global
	GlobalSection(SolutionConfigurationPlatforms) = preSolution
		Debug|Any CPU = Debug|Any CPU
		Release|Any CPU = Release|Any CPU
	EndGlobalSection
	GlobalSection(ProjectConfigurationPlatforms) = postSolution
		{99C9216B-3E38-7A06-2441-C683A99037A3}.Debug|Any CPU.ActiveCfg = Debug|Any CPU
		{99C9216B-3E38-7A06-2441-C683A99037A3}.Debug|Any CPU.Build.0 = Debug|Any CPU
		{99C9216B-3E38-7A06-2441-C683A99037A3}.Release|Any CPU.ActiveCfg = Release|Any CPU
		{99C9216B-3E38-7A06-2441-C683A99037A3}.Release|Any CPU.Build.0 = Release|Any CPU
	EndGlobalSection
	GlobalSection(SolutionProperties) = preSolution
		HideSolutionNode = FALSE
	EndGlobalSection
	GlobalSection(ExtensibilityGlobals) = postSolution
		SolutionGuid = {34ADED4F-6E98-4EFE-AC5D-215A3AFB5F06}
	EndGlobalSection
EndGlobal
